
Microsoft Visual Studio Solution File, Format Version 12.00
# Visual Studio Version 16
VisualStudioVersion = 16.0.31624.102
MinimumVisualStudioVersion = 10.0.40219.1
Project("{FAE04EC0-301F-11D3-BF4B-00C04F79EFBC}") = "BattleShip", "BattleShip\BattleShip.csproj", "{83538666-D01C-4B6D-98EE-F027530F9379}"
EndProject
Global
	GlobalSection(SolutionConfigurationPlatforms) = preSolution
		Debug|Any CPU = Debug|Any CPU
		Release|Any CPU = Release|Any CPU
	EndGlobalSection
	GlobalSection(ProjectConfigurationPlatforms) = postSolution
		{83538666-D01C-4B6D-98EE-F027530F9379}.Debug|Any CPU.ActiveCfg = Debug|Any CPU
		{83538666-D01C-4B6D-98EE-F027530F9379}.Debug|Any CPU.Build.0 = Debug|Any CPU
		{83538666-D01C-4B6D-98EE-F027530F9379}.Release|Any CPU.ActiveCfg = Release|Any CPU
		{83538666-D01C-4B6D-98EE-F027530F9379}.Release|Any CPU.Build.0 = Release|Any CPU
	EndGlobalSection
	GlobalSection(SolutionProperties) = preSolution
		HideSolutionNode = FALSE
	EndGlobalSection
	GlobalSection(ExtensibilityGlobals) = postSolution
		SolutionGuid = {6B12085E-2A2B-4763-A0FE-7E747622A605}
	EndGlobalSection
EndGlobal
